// !$*UTF8*$!
{
	archiveVersion = 1;
	classes = {
	};
	objectVersion = 56;
	objects = {

/* Begin PBXBuildFile section */
		408B06E02BEE427800175855 /* Arm.swift in Sources */ = {isa = PBXBuildFile; fileRef = 408B06DF2BEE427800175855 /* Arm.swift */; };
		64FFCA142B77472F00F22C18 /* AppDelegate.swift in Sources */ = {isa = PBXBuildFile; fileRef = 64FFCA132B77472F00F22C18 /* AppDelegate.swift */; };
		64FFCA162B77472F00F22C18 /* SceneDelegate.swift in Sources */ = {isa = PBXBuildFile; fileRef = 64FFCA152B77472F00F22C18 /* SceneDelegate.swift */; };
		64FFCA182B77472F00F22C18 /* ViewController.swift in Sources */ = {isa = PBXBuildFile; fileRef = 64FFCA172B77472F00F22C18 /* ViewController.swift */; };
		64FFCA1B2B77472F00F22C18 /* Main.storyboard in Resources */ = {isa = PBXBuildFile; fileRef = 64FFCA192B77472F00F22C18 /* Main.storyboard */; };
		64FFCA1D2B77473000F22C18 /* Assets.xcassets in Resources */ = {isa = PBXBuildFile; fileRef = 64FFCA1C2B77473000F22C18 /* Assets.xcassets */; };
		64FFCA202B77473000F22C18 /* LaunchScreen.storyboard in Resources */ = {isa = PBXBuildFile; fileRef = 64FFCA1E2B77473000F22C18 /* LaunchScreen.storyboard */; };
		64FFCA2B2B77473000F22C18 /* robot_armTests.swift in Sources */ = {isa = PBXBuildFile; fileRef = 64FFCA2A2B77473000F22C18 /* robot_armTests.swift */; };
		64FFCA352B77473000F22C18 /* robot_armUITests.swift in Sources */ = {isa = PBXBuildFile; fileRef = 64FFCA342B77473000F22C18 /* robot_armUITests.swift */; };
		64FFCA372B77473000F22C18 /* robot_armUITestsLaunchTests.swift in Sources */ = {isa = PBXBuildFile; fileRef = 64FFCA362B77473000F22C18 /* robot_armUITestsLaunchTests.swift */; };
		64FFCA472B77476A00F22C18 /* bodys in Resources */ = {isa = PBXBuildFile; fileRef = 64FFCA462B77476A00F22C18 /* bodys */; };
/* End PBXBuildFile section */

/* Begin PBXContainerItemProxy section */
		64FFCA272B77473000F22C18 /* PBXContainerItemProxy */ = {
			isa = PBXContainerItemProxy;
			containerPortal = 64FFCA082B77472F00F22C18 /* Project object */;
			proxyType = 1;
			remoteGlobalIDString = 64FFCA0F2B77472F00F22C18;
			remoteInfo = robot_arm;
		};
		64FFCA312B77473000F22C18 /* PBXContainerItemProxy */ = {
			isa = PBXContainerItemProxy;
			containerPortal = 64FFCA082B77472F00F22C18 /* Project object */;
			proxyType = 1;
			remoteGlobalIDString = 64FFCA0F2B77472F00F22C18;
			remoteInfo = robot_arm;
		};
/* End PBXContainerItemProxy section */

/* Begin PBXFileReference section */
		408B06DF2BEE427800175855 /* Arm.swift */ = {isa = PBXFileReference; fileEncoding = 4; lastKnownFileType = sourcecode.swift; path = Arm.swift; sourceTree = "<group>"; };
		64FFCA102B77472F00F22C18 /* robot_arm.app */ = {isa = PBXFileReference; explicitFileType = wrapper.application; includeInIndex = 0; path = robot_arm.app; sourceTree = BUILT_PRODUCTS_DIR; };
		64FFCA132B77472F00F22C18 /* AppDelegate.swift */ = {isa = PBXFileReference; lastKnownFileType = sourcecode.swift; path = AppDelegate.swift; sourceTree = "<group>"; };
		64FFCA152B77472F00F22C18 /* SceneDelegate.swift */ = {isa = PBXFileReference; lastKnownFileType = sourcecode.swift; path = SceneDelegate.swift; sourceTree = "<group>"; };
		64FFCA172B77472F00F22C18 /* ViewController.swift */ = {isa = PBXFileReference; lastKnownFileType = sourcecode.swift; path = ViewController.swift; sourceTree = "<group>"; };
		64FFCA1A2B77472F00F22C18 /* Base */ = {isa = PBXFileReference; lastKnownFileType = file.storyboard; name = Base; path = Base.lproj/Main.storyboard; sourceTree = "<group>"; };
		64FFCA1C2B77473000F22C18 /* Assets.xcassets */ = {isa = PBXFileReference; lastKnownFileType = folder.assetcatalog; path = Assets.xcassets; sourceTree = "<group>"; };
		64FFCA1F2B77473000F22C18 /* Base */ = {isa = PBXFileReference; lastKnownFileType = file.storyboard; name = Base; path = Base.lproj/LaunchScreen.storyboard; sourceTree = "<group>"; };
		64FFCA212B77473000F22C18 /* Info.plist */ = {isa = PBXFileReference; lastKnownFileType = text.plist.xml; path = Info.plist; sourceTree = "<group>"; };
		64FFCA262B77473000F22C18 /* robot_armTests.xctest */ = {isa = PBXFileReference; explicitFileType = wrapper.cfbundle; includeInIndex = 0; path = robot_armTests.xctest; sourceTree = BUILT_PRODUCTS_DIR; };
		64FFCA2A2B77473000F22C18 /* robot_armTests.swift */ = {isa = PBXFileReference; lastKnownFileType = sourcecode.swift; path = robot_armTests.swift; sourceTree = "<group>"; };
		64FFCA302B77473000F22C18 /* robot_armUITests.xctest */ = {isa = PBXFileReference; explicitFileType = wrapper.cfbundle; includeInIndex = 0; path = robot_armUITests.xctest; sourceTree = BUILT_PRODUCTS_DIR; };
		64FFCA342B77473000F22C18 /* robot_armUITests.swift */ = {isa = PBXFileReference; lastKnownFileType = sourcecode.swift; path = robot_armUITests.swift; sourceTree = "<group>"; };
		64FFCA362B77473000F22C18 /* robot_armUITestsLaunchTests.swift */ = {isa = PBXFileReference; lastKnownFileType = sourcecode.swift; path = robot_armUITestsLaunchTests.swift; sourceTree = "<group>"; };
		64FFCA432B77473800F22C18 /* robot_arm.entitlements */ = {isa = PBXFileReference; lastKnownFileType = text.plist.entitlements; path = robot_arm.entitlements; sourceTree = "<group>"; };
		64FFCA462B77476A00F22C18 /* bodys */ = {isa = PBXFileReference; lastKnownFileType = folder; path = bodys; sourceTree = "<group>"; };
/* End PBXFileReference section */

/* Begin PBXFrameworksBuildPhase section */
		64FFCA0D2B77472F00F22C18 /* Frameworks */ = {
			isa = PBXFrameworksBuildPhase;
			buildActionMask = 2147483647;
			files = (
			);
			runOnlyForDeploymentPostprocessing = 0;
		};
		64FFCA232B77473000F22C18 /* Frameworks */ = {
			isa = PBXFrameworksBuildPhase;
			buildActionMask = 2147483647;
			files = (
			);
			runOnlyForDeploymentPostprocessing = 0;
		};
		64FFCA2D2B77473000F22C18 /* Frameworks */ = {
			isa = PBXFrameworksBuildPhase;
			buildActionMask = 2147483647;
			files = (
			);
			runOnlyForDeploymentPostprocessing = 0;
		};
/* End PBXFrameworksBuildPhase section */

/* Begin PBXGroup section */
		64FFCA072B77472F00F22C18 = {
			isa = PBXGroup;
			children = (
				64FFCA122B77472F00F22C18 /* robot_arm */,
				64FFCA292B77473000F22C18 /* robot_armTests */,
				64FFCA332B77473000F22C18 /* robot_armUITests */,
				64FFCA112B77472F00F22C18 /* Products */,
			);
			sourceTree = "<group>";
		};
		64FFCA112B77472F00F22C18 /* Products */ = {
			isa = PBXGroup;
			children = (
				64FFCA102B77472F00F22C18 /* robot_arm.app */,
				64FFCA262B77473000F22C18 /* robot_armTests.xctest */,
				64FFCA302B77473000F22C18 /* robot_armUITests.xctest */,
			);
			name = Products;
			sourceTree = "<group>";
		};
		64FFCA122B77472F00F22C18 /* robot_arm */ = {
			isa = PBXGroup;
			children = (
				64FFCA432B77473800F22C18 /* robot_arm.entitlements */,
				64FFCA132B77472F00F22C18 /* AppDelegate.swift */,
				408B06DF2BEE427800175855 /* Arm.swift */,
				64FFCA152B77472F00F22C18 /* SceneDelegate.swift */,
				64FFCA172B77472F00F22C18 /* ViewController.swift */,
				64FFCA192B77472F00F22C18 /* Main.storyboard */,
				64FFCA1C2B77473000F22C18 /* Assets.xcassets */,
				64FFCA1E2B77473000F22C18 /* LaunchScreen.storyboard */,
				64FFCA462B77476A00F22C18 /* bodys */,
				64FFCA212B77473000F22C18 /* Info.plist */,
			);
			path = robot_arm;
			sourceTree = "<group>";
		};
		64FFCA292B77473000F22C18 /* robot_armTests */ = {
			isa = PBXGroup;
			children = (
				64FFCA2A2B77473000F22C18 /* robot_armTests.swift */,
			);
			path = robot_armTests;
			sourceTree = "<group>";
		};
		64FFCA332B77473000F22C18 /* robot_armUITests */ = {
			isa = PBXGroup;
			children = (
				64FFCA342B77473000F22C18 /* robot_armUITests.swift */,
				64FFCA362B77473000F22C18 /* robot_armUITestsLaunchTests.swift */,
			);
			path = robot_armUITests;
			sourceTree = "<group>";
		};
/* End PBXGroup section */

/* Begin PBXNativeTarget section */
		64FFCA0F2B77472F00F22C18 /* robot_arm */ = {
			isa = PBXNativeTarget;
			buildConfigurationList = 64FFCA3A2B77473000F22C18 /* Build configuration list for PBXNativeTarget "robot_arm" */;
			buildPhases = (
				64FFCA0C2B77472F00F22C18 /* Sources */,
				64FFCA0D2B77472F00F22C18 /* Frameworks */,
				64FFCA0E2B77472F00F22C18 /* Resources */,
			);
			buildRules = (
			);
			dependencies = (
			);
			name = robot_arm;
			productName = robot_arm;
			productReference = 64FFCA102B77472F00F22C18 /* robot_arm.app */;
			productType = "com.apple.product-type.application";
		};
		64FFCA252B77473000F22C18 /* robot_armTests */ = {
			isa = PBXNativeTarget;
			buildConfigurationList = 64FFCA3D2B77473000F22C18 /* Build configuration list for PBXNativeTarget "robot_armTests" */;
			buildPhases = (
				64FFCA222B77473000F22C18 /* Sources */,
				64FFCA232B77473000F22C18 /* Frameworks */,
				64FFCA242B77473000F22C18 /* Resources */,
			);
			buildRules = (
			);
			dependencies = (
				64FFCA282B77473000F22C18 /* PBXTargetDependency */,
			);
			name = robot_armTests;
			productName = robot_armTests;
			productReference = 64FFCA262B77473000F22C18 /* robot_armTests.xctest */;
			productType = "com.apple.product-type.bundle.unit-test";
		};
		64FFCA2F2B77473000F22C18 /* robot_armUITests */ = {
			isa = PBXNativeTarget;
			buildConfigurationList = 64FFCA402B77473000F22C18 /* Build configuration list for PBXNativeTarget "robot_armUITests" */;
			buildPhases = (
				64FFCA2C2B77473000F22C18 /* Sources */,
				64FFCA2D2B77473000F22C18 /* Frameworks */,
				64FFCA2E2B77473000F22C18 /* Resources */,
			);
			buildRules = (
			);
			dependencies = (
				64FFCA322B77473000F22C18 /* PBXTargetDependency */,
			);
			name = robot_armUITests;
			productName = robot_armUITests;
			productReference = 64FFCA302B77473000F22C18 /* robot_armUITests.xctest */;
			productType = "com.apple.product-type.bundle.ui-testing";
		};
/* End PBXNativeTarget section */

/* Begin PBXProject section */
		64FFCA082B77472F00F22C18 /* Project object */ = {
			isa = PBXProject;
			attributes = {
				BuildIndependentTargetsInParallel = 1;
				LastSwiftUpdateCheck = 1500;
				LastUpgradeCheck = 1500;
				TargetAttributes = {
					64FFCA0F2B77472F00F22C18 = {
						CreatedOnToolsVersion = 15.0.1;
					};
					64FFCA252B77473000F22C18 = {
						CreatedOnToolsVersion = 15.0.1;
						TestTargetID = 64FFCA0F2B77472F00F22C18;
					};
					64FFCA2F2B77473000F22C18 = {
						CreatedOnToolsVersion = 15.0.1;
						TestTargetID = 64FFCA0F2B77472F00F22C18;
					};
				};
			};
			buildConfigurationList = 64FFCA0B2B77472F00F22C18 /* Build configuration list for PBXProject "robot_arm" */;
			compatibilityVersion = "Xcode 14.0";
			developmentRegion = en;
			hasScannedForEncodings = 0;
			knownRegions = (
				en,
				Base,
			);
			mainGroup = 64FFCA072B77472F00F22C18;
			productRefGroup = 64FFCA112B77472F00F22C18 /* Products */;
			projectDirPath = "";
			projectRoot = "";
			targets = (
				64FFCA0F2B77472F00F22C18 /* robot_arm */,
				64FFCA252B77473000F22C18 /* robot_armTests */,
				64FFCA2F2B77473000F22C18 /* robot_armUITests */,
			);
		};
/* End PBXProject section */

/* Begin PBXResourcesBuildPhase section */
		64FFCA0E2B77472F00F22C18 /* Resources */ = {
			isa = PBXResourcesBuildPhase;
			buildActionMask = 2147483647;
			files = (
				64FFCA202B77473000F22C18 /* LaunchScreen.storyboard in Resources */,
				64FFCA1D2B77473000F22C18 /* Assets.xcassets in Resources */,
				64FFCA472B77476A00F22C18 /* bodys in Resources */,
				64FFCA1B2B77472F00F22C18 /* Main.storyboard in Resources */,
			);
			runOnlyForDeploymentPostprocessing = 0;
		};
		64FFCA242B77473000F22C18 /* Resources */ = {
			isa = PBXResourcesBuildPhase;
			buildActionMask = 2147483647;
			files = (
			);
			runOnlyForDeploymentPostprocessing = 0;
		};
		64FFCA2E2B77473000F22C18 /* Resources */ = {
			isa = PBXResourcesBuildPhase;
			buildActionMask = 2147483647;
			files = (
			);
			runOnlyForDeploymentPostprocessing = 0;
		};
/* End PBXResourcesBuildPhase section */

/* Begin PBXSourcesBuildPhase section */
		64FFCA0C2B77472F00F22C18 /* Sources */ = {
			isa = PBXSourcesBuildPhase;
			buildActionMask = 2147483647;
			files = (
				408B06E02BEE427800175855 /* Arm.swift in Sources */,
				64FFCA182B77472F00F22C18 /* ViewController.swift in Sources */,
				64FFCA142B77472F00F22C18 /* AppDelegate.swift in Sources */,
				64FFCA162B77472F00F22C18 /* SceneDelegate.swift in Sources */,
			);
			runOnlyForDeploymentPostprocessing = 0;
		};
		64FFCA222B77473000F22C18 /* Sources */ = {
			isa = PBXSourcesBuildPhase;
			buildActionMask = 2147483647;
			files = (
				64FFCA2B2B77473000F22C18 /* robot_armTests.swift in Sources */,
			);
			runOnlyForDeploymentPostprocessing = 0;
		};
		64FFCA2C2B77473000F22C18 /* Sources */ = {
			isa = PBXSourcesBuildPhase;
			buildActionMask = 2147483647;
			files = (
				64FFCA372B77473000F22C18 /* robot_armUITestsLaunchTests.swift in Sources */,
				64FFCA352B77473000F22C18 /* robot_armUITests.swift in Sources */,
			);
			runOnlyForDeploymentPostprocessing = 0;
		};
/* End PBXSourcesBuildPhase section */

/* Begin PBXTargetDependency section */
		64FFCA282B77473000F22C18 /* PBXTargetDependency */ = {
			isa = PBXTargetDependency;
			target = 64FFCA0F2B77472F00F22C18 /* robot_arm */;
			targetProxy = 64FFCA272B77473000F22C18 /* PBXContainerItemProxy */;
		};
		64FFCA322B77473000F22C18 /* PBXTargetDependency */ = {
			isa = PBXTargetDependency;
			target = 64FFCA0F2B77472F00F22C18 /* robot_arm */;
			targetProxy = 64FFCA312B77473000F22C18 /* PBXContainerItemProxy */;
		};
/* End PBXTargetDependency section */

/* Begin PBXVariantGroup section */
		64FFCA192B77472F00F22C18 /* Main.storyboard */ = {
			isa = PBXVariantGroup;
			children = (
				64FFCA1A2B77472F00F22C18 /* Base */,
			);
			name = Main.storyboard;
			sourceTree = "<group>";
		};
		64FFCA1E2B77473000F22C18 /* LaunchScreen.storyboard */ = {
			isa = PBXVariantGroup;
			children = (
				64FFCA1F2B77473000F22C18 /* Base */,
			);
			name = LaunchScreen.storyboard;
			sourceTree = "<group>";
		};
/* End PBXVariantGroup section */

/* Begin XCBuildConfiguration section */
		64FFCA382B77473000F22C18 /* Debug */ = {
			isa = XCBuildConfiguration;
			buildSettings = {
				ALWAYS_SEARCH_USER_PATHS = NO;
				ASSETCATALOG_COMPILER_GENERATE_SWIFT_ASSET_SYMBOL_EXTENSIONS = YES;
				CLANG_ANALYZER_NONNULL = YES;
				CLANG_ANALYZER_NUMBER_OBJECT_CONVERSION = YES_AGGRESSIVE;
				CLANG_CXX_LANGUAGE_STANDARD = "gnu++20";
				CLANG_ENABLE_MODULES = YES;
				CLANG_ENABLE_OBJC_ARC = YES;
				CLANG_ENABLE_OBJC_WEAK = YES;
				CLANG_WARN_BLOCK_CAPTURE_AUTORELEASING = YES;
				CLANG_WARN_BOOL_CONVERSION = YES;
				CLANG_WARN_COMMA = YES;
				CLANG_WARN_CONSTANT_CONVERSION = YES;
				CLANG_WARN_DEPRECATED_OBJC_IMPLEMENTATIONS = YES;
				CLANG_WARN_DIRECT_OBJC_ISA_USAGE = YES_ERROR;
				CLANG_WARN_DOCUMENTATION_COMMENTS = YES;
				CLANG_WARN_EMPTY_BODY = YES;
				CLANG_WARN_ENUM_CONVERSION = YES;
				CLANG_WARN_INFINITE_RECURSION = YES;
				CLANG_WARN_INT_CONVERSION = YES;
				CLANG_WARN_NON_LITERAL_NULL_CONVERSION = YES;
				CLANG_WARN_OBJC_IMPLICIT_RETAIN_SELF = YES;
				CLANG_WARN_OBJC_LITERAL_CONVERSION = YES;
				CLANG_WARN_OBJC_ROOT_CLASS = YES_ERROR;
				CLANG_WARN_QUOTED_INCLUDE_IN_FRAMEWORK_HEADER = YES;
				CLANG_WARN_RANGE_LOOP_ANALYSIS = YES;
				CLANG_WARN_STRICT_PROTOTYPES = YES;
				CLANG_WARN_SUSPICIOUS_MOVE = YES;
				CLANG_WARN_UNGUARDED_AVAILABILITY = YES_AGGRESSIVE;
				CLANG_WARN_UNREACHABLE_CODE = YES;
				CLANG_WARN__DUPLICATE_METHOD_MATCH = YES;
				COPY_PHASE_STRIP = NO;
				DEBUG_INFORMATION_FORMAT = dwarf;
				ENABLE_STRICT_OBJC_MSGSEND = YES;
				ENABLE_TESTABILITY = YES;
				ENABLE_USER_SCRIPT_SANDBOXING = YES;
				GCC_C_LANGUAGE_STANDARD = gnu17;
				GCC_DYNAMIC_NO_PIC = NO;
				GCC_NO_COMMON_BLOCKS = YES;
				GCC_OPTIMIZATION_LEVEL = 0;
				GCC_PREPROCESSOR_DEFINITIONS = (
					"DEBUG=1",
					"$(inherited)",
				);
				GCC_WARN_64_TO_32_BIT_CONVERSION = YES;
				GCC_WARN_ABOUT_RETURN_TYPE = YES_ERROR;
				GCC_WARN_UNDECLARED_SELECTOR = YES;
				GCC_WARN_UNINITIALIZED_AUTOS = YES_AGGRESSIVE;
				GCC_WARN_UNUSED_FUNCTION = YES;
				GCC_WARN_UNUSED_VARIABLE = YES;
				IPHONEOS_DEPLOYMENT_TARGET = 17.0;
				LOCALIZATION_PREFERS_STRING_CATALOGS = YES;
				MTL_ENABLE_DEBUG_INFO = INCLUDE_SOURCE;
				MTL_FAST_MATH = YES;
				ONLY_ACTIVE_ARCH = YES;
				SDKROOT = iphoneos;
				SWIFT_ACTIVE_COMPILATION_CONDITIONS = "DEBUG $(inherited)";
				SWIFT_OPTIMIZATION_LEVEL = "-Onone";
			};
			name = Debug;
		};
		64FFCA392B77473000F22C18 /* Release */ = {
			isa = XCBuildConfiguration;
			buildSettings = {
				ALWAYS_SEARCH_USER_PATHS = NO;
				ASSETCATALOG_COMPILER_GENERATE_SWIFT_ASSET_SYMBOL_EXTENSIONS = YES;
				CLANG_ANALYZER_NONNULL = YES;
				CLANG_ANALYZER_NUMBER_OBJECT_CONVERSION = YES_AGGRESSIVE;
				CLANG_CXX_LANGUAGE_STANDARD = "gnu++20";
				CLANG_ENABLE_MODULES = YES;
				CLANG_ENABLE_OBJC_ARC = YES;
				CLANG_ENABLE_OBJC_WEAK = YES;
				CLANG_WARN_BLOCK_CAPTURE_AUTORELEASING = YES;
				CLANG_WARN_BOOL_CONVERSION = YES;
				CLANG_WARN_COMMA = YES;
				CLANG_WARN_CONSTANT_CONVERSION = YES;
				CLANG_WARN_DEPRECATED_OBJC_IMPLEMENTATIONS = YES;
				CLANG_WARN_DIRECT_OBJC_ISA_USAGE = YES_ERROR;
				CLANG_WARN_DOCUMENTATION_COMMENTS = YES;
				CLANG_WARN_EMPTY_BODY = YES;
				CLANG_WARN_ENUM_CONVERSION = YES;
				CLANG_WARN_INFINITE_RECURSION = YES;
				CLANG_WARN_INT_CONVERSION = YES;
				CLANG_WARN_NON_LITERAL_NULL_CONVERSION = YES;
				CLANG_WARN_OBJC_IMPLICIT_RETAIN_SELF = YES;
				CLANG_WARN_OBJC_LITERAL_CONVERSION = YES;
				CLANG_WARN_OBJC_ROOT_CLASS = YES_ERROR;
				CLANG_WARN_QUOTED_INCLUDE_IN_FRAMEWORK_HEADER = YES;
				CLANG_WARN_RANGE_LOOP_ANALYSIS = YES;
				CLANG_WARN_STRICT_PROTOTYPES = YES;
				CLANG_WARN_SUSPICIOUS_MOVE = YES;
				CLANG_WARN_UNGUARDED_AVAILABILITY = YES_AGGRESSIVE;
				CLANG_WARN_UNREACHABLE_CODE = YES;
				CLANG_WARN__DUPLICATE_METHOD_MATCH = YES;
				COPY_PHASE_STRIP = NO;
				DEBUG_INFORMATION_FORMAT = "dwarf-with-dsym";
				ENABLE_NS_ASSERTIONS = NO;
				ENABLE_STRICT_OBJC_MSGSEND = YES;
				ENABLE_USER_SCRIPT_SANDBOXING = YES;
				GCC_C_LANGUAGE_STANDARD = gnu17;
				GCC_NO_COMMON_BLOCKS = YES;
				GCC_WARN_64_TO_32_BIT_CONVERSION = YES;
				GCC_WARN_ABOUT_RETURN_TYPE = YES_ERROR;
				GCC_WARN_UNDECLARED_SELECTOR = YES;
				GCC_WARN_UNINITIALIZED_AUTOS = YES_AGGRESSIVE;
				GCC_WARN_UNUSED_FUNCTION = YES;
				GCC_WARN_UNUSED_VARIABLE = YES;
				IPHONEOS_DEPLOYMENT_TARGET = 17.0;
				LOCALIZATION_PREFERS_STRING_CATALOGS = YES;
				MTL_ENABLE_DEBUG_INFO = NO;
				MTL_FAST_MATH = YES;
				SDKROOT = iphoneos;
				SWIFT_COMPILATION_MODE = wholemodule;
				VALIDATE_PRODUCT = YES;
			};
			name = Release;
		};
		64FFCA3B2B77473000F22C18 /* Debug */ = {
			isa = XCBuildConfiguration;
			buildSettings = {
				ASSETCATALOG_COMPILER_APPICON_NAME = AppIcon;
				ASSETCATALOG_COMPILER_GLOBAL_ACCENT_COLOR_NAME = AccentColor;
				CODE_SIGN_ENTITLEMENTS = robot_arm/robot_arm.entitlements;
				CODE_SIGN_STYLE = Automatic;
				CURRENT_PROJECT_VERSION = 1;
				DEVELOPMENT_TEAM = NBAJVFJ735;
				GENERATE_INFOPLIST_FILE = YES;
				INFOPLIST_FILE = robot_arm/Info.plist;
				INFOPLIST_KEY_CFBundleDisplayName = "robot arm";
				INFOPLIST_KEY_UIApplicationSupportsIndirectInputEvents = YES;
				INFOPLIST_KEY_UILaunchStoryboardName = LaunchScreen;
				INFOPLIST_KEY_UIMainStoryboardFile = Main;
				INFOPLIST_KEY_UISupportedInterfaceOrientations_iPad = "UIInterfaceOrientationPortrait UIInterfaceOrientationPortraitUpsideDown UIInterfaceOrientationLandscapeLeft UIInterfaceOrientationLandscapeRight";
				INFOPLIST_KEY_UISupportedInterfaceOrientations_iPhone = "UIInterfaceOrientationPortrait UIInterfaceOrientationLandscapeLeft UIInterfaceOrientationLandscapeRight";
				LD_RUNPATH_SEARCH_PATHS = (
					"$(inherited)",
					"@executable_path/Frameworks",
				);
				MARKETING_VERSION = 1.0;
				PRODUCT_BUNDLE_IDENTIFIER = "jtashiro.robot-arm";
				PRODUCT_NAME = "$(TARGET_NAME)";
				SUPPORTED_PLATFORMS = "iphoneos iphonesimulator";
				SUPPORTS_MACCATALYST = YES;
				SUPPORTS_MAC_DESIGNED_FOR_IPHONE_IPAD = NO;
				SWIFT_EMIT_LOC_STRINGS = YES;
				SWIFT_VERSION = 5.0;
				TARGETED_DEVICE_FAMILY = 2;
			};
			name = Debug;
		};
		64FFCA3C2B77473000F22C18 /* Release */ = {
			isa = XCBuildConfiguration;
			buildSettings = {
				ASSETCATALOG_COMPILER_APPICON_NAME = AppIcon;
				ASSETCATALOG_COMPILER_GLOBAL_ACCENT_COLOR_NAME = AccentColor;
				CODE_SIGN_ENTITLEMENTS = robot_arm/robot_arm.entitlements;
				CODE_SIGN_STYLE = Automatic;
				CURRENT_PROJECT_VERSION = 1;
				DEVELOPMENT_TEAM = NBAJVFJ735;
				GENERATE_INFOPLIST_FILE = YES;
				INFOPLIST_FILE = robot_arm/Info.plist;
				INFOPLIST_KEY_CFBundleDisplayName = "robot arm";
				INFOPLIST_KEY_UIApplicationSupportsIndirectInputEvents = YES;
				INFOPLIST_KEY_UILaunchStoryboardName = LaunchScreen;
				INFOPLIST_KEY_UIMainStoryboardFile = Main;
				INFOPLIST_KEY_UISupportedInterfaceOrientations_iPad = "UIInterfaceOrientationPortrait UIInterfaceOrientationPortraitUpsideDown UIInterfaceOrientationLandscapeLeft UIInterfaceOrientationLandscapeRight";
				INFOPLIST_KEY_UISupportedInterfaceOrientations_iPhone = "UIInterfaceOrientationPortrait UIInterfaceOrientationLandscapeLeft UIInterfaceOrientationLandscapeRight";
				LD_RUNPATH_SEARCH_PATHS = (
					"$(inherited)",
					"@executable_path/Frameworks",
				);
				MARKETING_VERSION = 1.0;
				PRODUCT_BUNDLE_IDENTIFIER = "jtashiro.robot-arm";
				PRODUCT_NAME = "$(TARGET_NAME)";
				SUPPORTED_PLATFORMS = "iphoneos iphonesimulator";
				SUPPORTS_MACCATALYST = YES;
				SUPPORTS_MAC_DESIGNED_FOR_IPHONE_IPAD = NO;
				SWIFT_EMIT_LOC_STRINGS = YES;
				SWIFT_VERSION = 5.0;
				TARGETED_DEVICE_FAMILY = 2;
			};
			name = Release;
		};
		64FFCA3E2B77473000F22C18 /* Debug */ = {
			isa = XCBuildConfiguration;
			buildSettings = {
				ALWAYS_EMBED_SWIFT_STANDARD_LIBRARIES = YES;
				BUNDLE_LOADER = "$(TEST_HOST)";
				CODE_SIGN_STYLE = Automatic;
				CURRENT_PROJECT_VERSION = 1;
				DEVELOPMENT_TEAM = NBAJVFJ735;
				GENERATE_INFOPLIST_FILE = YES;
				IPHONEOS_DEPLOYMENT_TARGET = 17.0;
				MARKETING_VERSION = 1.0;
				PRODUCT_BUNDLE_IDENTIFIER = "jtashiro.robot-armTests";
				PRODUCT_NAME = "$(TARGET_NAME)";
				SWIFT_EMIT_LOC_STRINGS = NO;
				SWIFT_VERSION = 5.0;
				TARGETED_DEVICE_FAMILY = "1,2";
				TEST_HOST = "$(BUILT_PRODUCTS_DIR)/robot_arm.app/$(BUNDLE_EXECUTABLE_FOLDER_PATH)/robot_arm";
			};
			name = Debug;
		};
		64FFCA3F2B77473000F22C18 /* Release */ = {
			isa = XCBuildConfiguration;
			buildSettings = {
				ALWAYS_EMBED_SWIFT_STANDARD_LIBRARIES = YES;
				BUNDLE_LOADER = "$(TEST_HOST)";
				CODE_SIGN_STYLE = Automatic;
				CURRENT_PROJECT_VERSION = 1;
				DEVELOPMENT_TEAM = NBAJVFJ735;
				GENERATE_INFOPLIST_FILE = YES;
				IPHONEOS_DEPLOYMENT_TARGET = 17.0;
				MARKETING_VERSION = 1.0;
				PRODUCT_BUNDLE_IDENTIFIER = "jtashiro.robot-armTests";
				PRODUCT_NAME = "$(TARGET_NAME)";
				SWIFT_EMIT_LOC_STRINGS = NO;
				SWIFT_VERSION = 5.0;
				TARGETED_DEVICE_FAMILY = "1,2";
				TEST_HOST = "$(BUILT_PRODUCTS_DIR)/robot_arm.app/$(BUNDLE_EXECUTABLE_FOLDER_PATH)/robot_arm";
			};
			name = Release;
		};
		64FFCA412B77473000F22C18 /* Debug */ = {
			isa = XCBuildConfiguration;
			buildSettings = {
				ALWAYS_EMBED_SWIFT_STANDARD_LIBRARIES = YES;
				CODE_SIGN_STYLE = Automatic;
				CURRENT_PROJECT_VERSION = 1;
				DEVELOPMENT_TEAM = NBAJVFJ735;
				GENERATE_INFOPLIST_FILE = YES;
				MARKETING_VERSION = 1.0;
				PRODUCT_BUNDLE_IDENTIFIER = "jtashiro.robot-armUITests";
				PRODUCT_NAME = "$(TARGET_NAME)";
				SWIFT_EMIT_LOC_STRINGS = NO;
				SWIFT_VERSION = 5.0;
				TARGETED_DEVICE_FAMILY = "1,2";
				TEST_TARGET_NAME = robot_arm;
			};
			name = Debug;
		};
		64FFCA422B77473000F22C18 /* Release */ = {
			isa = XCBuildConfiguration;
			buildSettings = {
				ALWAYS_EMBED_SWIFT_STANDARD_LIBRARIES = YES;
				CODE_SIGN_STYLE = Automatic;
				CURRENT_PROJECT_VERSION = 1;
				DEVELOPMENT_TEAM = NBAJVFJ735;
				GENERATE_INFOPLIST_FILE = YES;
				MARKETING_VERSION = 1.0;
				PRODUCT_BUNDLE_IDENTIFIER = "jtashiro.robot-armUITests";
				PRODUCT_NAME = "$(TARGET_NAME)";
				SWIFT_EMIT_LOC_STRINGS = NO;
				SWIFT_VERSION = 5.0;
				TARGETED_DEVICE_FAMILY = "1,2";
				TEST_TARGET_NAME = robot_arm;
			};
			name = Release;
		};
/* End XCBuildConfiguration section */

/* Begin XCConfigurationList section */
		64FFCA0B2B77472F00F22C18 /* Build configuration list for PBXProject "robot_arm" */ = {
			isa = XCConfigurationList;
			buildConfigurations = (
				64FFCA382B77473000F22C18 /* Debug */,
				64FFCA392B77473000F22C18 /* Release */,
			);
			defaultConfigurationIsVisible = 0;
			defaultConfigurationName = Release;
		};
		64FFCA3A2B77473000F22C18 /* Build configuration list for PBXNativeTarget "robot_arm" */ = {
			isa = XCConfigurationList;
			buildConfigurations = (
				64FFCA3B2B77473000F22C18 /* Debug */,
				64FFCA3C2B77473000F22C18 /* Release */,
			);
			defaultConfigurationIsVisible = 0;
			defaultConfigurationName = Release;
		};
		64FFCA3D2B77473000F22C18 /* Build configuration list for PBXNativeTarget "robot_armTests" */ = {
			isa = XCConfigurationList;
			buildConfigurations = (
				64FFCA3E2B77473000F22C18 /* Debug */,
				64FFCA3F2B77473000F22C18 /* Release */,
			);
			defaultConfigurationIsVisible = 0;
			defaultConfigurationName = Release;
		};
		64FFCA402B77473000F22C18 /* Build configuration list for PBXNativeTarget "robot_armUITests" */ = {
			isa = XCConfigurationList;
			buildConfigurations = (
				64FFCA412B77473000F22C18 /* Debug */,
				64FFCA422B77473000F22C18 /* Release */,
			);
			defaultConfigurationIsVisible = 0;
			defaultConfigurationName = Release;
		};
/* End XCConfigurationList section */
	};
	rootObject = 64FFCA082B77472F00F22C18 /* Project object */;
}
